// !$*UTF8*$!
{
	archiveVersion = 1;
	classes = {
	};
	objectVersion = 50;
	objects = {

/* Begin PBXBuildFile section */
		3C09564124A55C85009214FF /* MediaButtons.swift in Sources */ = {isa = PBXBuildFile; fileRef = 3C09563E24A55C85009214FF /* MediaButtons.swift */; };
		3C09564224A55C85009214FF /* MediaDetail.swift in Sources */ = {isa = PBXBuildFile; fileRef = 3C09563F24A55C85009214FF /* MediaDetail.swift */; };
		3C09564324A55C85009214FF /* MediaImage.swift in Sources */ = {isa = PBXBuildFile; fileRef = 3C09564024A55C85009214FF /* MediaImage.swift */; };
		3C09564524A560A6009214FF /* MediaListHeader.swift in Sources */ = {isa = PBXBuildFile; fileRef = 3C09564424A560A6009214FF /* MediaListHeader.swift */; };
		3C09564724A68858009214FF /* FileManager.swift in Sources */ = {isa = PBXBuildFile; fileRef = 3C09564624A68858009214FF /* FileManager.swift */; };
		3C2203E724A95F54003B4050 /* DocumentPickerViewController.swift in Sources */ = {isa = PBXBuildFile; fileRef = 3C2203E624A95F54003B4050 /* DocumentPickerViewController.swift */; };
		3C5E1F2E24AD39E30018F267 /* ProfileHost.swift in Sources */ = {isa = PBXBuildFile; fileRef = 3C5E1F2D24AD39E30018F267 /* ProfileHost.swift */; };
		3C5E1F3024AD3A160018F267 /* ProfileSummary.swift in Sources */ = {isa = PBXBuildFile; fileRef = 3C5E1F2F24AD3A160018F267 /* ProfileSummary.swift */; };
		3C5E1F3224AD3A240018F267 /* ProfileEditor.swift in Sources */ = {isa = PBXBuildFile; fileRef = 3C5E1F3124AD3A240018F267 /* ProfileEditor.swift */; };
		3C5E1F3424AD3CE20018F267 /* Profile.swift in Sources */ = {isa = PBXBuildFile; fileRef = 3C5E1F3324AD3CE20018F267 /* Profile.swift */; };
		3C5E1F3724AD50900018F267 /* CheckboxToggleStyle.swift in Sources */ = {isa = PBXBuildFile; fileRef = 3C5E1F3624AD50900018F267 /* CheckboxToggleStyle.swift */; };
		3C60C2A4249E918A00FB7FBF /* AppDelegate.swift in Sources */ = {isa = PBXBuildFile; fileRef = 3C60C2A3249E918A00FB7FBF /* AppDelegate.swift */; };
		3C60C2A6249E918A00FB7FBF /* SceneDelegate.swift in Sources */ = {isa = PBXBuildFile; fileRef = 3C60C2A5249E918A00FB7FBF /* SceneDelegate.swift */; };
		3C60C2A8249E918A00FB7FBF /* Home.swift in Sources */ = {isa = PBXBuildFile; fileRef = 3C60C2A7249E918A00FB7FBF /* Home.swift */; };
		3C60C2AA249E919000FB7FBF /* Assets.xcassets in Resources */ = {isa = PBXBuildFile; fileRef = 3C60C2A9249E919000FB7FBF /* Assets.xcassets */; };
		3C60C2AD249E919000FB7FBF /* Preview Assets.xcassets in Resources */ = {isa = PBXBuildFile; fileRef = 3C60C2AC249E919000FB7FBF /* Preview Assets.xcassets */; };
		3C60C2B0249E919000FB7FBF /* LaunchScreen.storyboard in Resources */ = {isa = PBXBuildFile; fileRef = 3C60C2AE249E919000FB7FBF /* LaunchScreen.storyboard */; };
		3C60C2BB249E919000FB7FBF /* Swift_AudioTests.swift in Sources */ = {isa = PBXBuildFile; fileRef = 3C60C2BA249E919000FB7FBF /* Swift_AudioTests.swift */; };
		3C60C2C6249E919000FB7FBF /* Swift_AudioUITests.swift in Sources */ = {isa = PBXBuildFile; fileRef = 3C60C2C5249E919000FB7FBF /* Swift_AudioUITests.swift */; };
		3C60C2D8249E98E600FB7FBF /* Media.swift in Sources */ = {isa = PBXBuildFile; fileRef = 3C60C2D7249E98E600FB7FBF /* Media.swift */; };
		3C60C2DA249EA4EA00FB7FBF /* MediaData.json in Resources */ = {isa = PBXBuildFile; fileRef = 3C60C2D9249EA4EA00FB7FBF /* MediaData.json */; };
		3C60C2DC249EA7BC00FB7FBF /* Data.swift in Sources */ = {isa = PBXBuildFile; fileRef = 3C60C2DB249EA7BC00FB7FBF /* Data.swift */; };
		3C60C2E8249EB5B000FB7FBF /* UserData.swift in Sources */ = {isa = PBXBuildFile; fileRef = 3C60C2E7249EB5B000FB7FBF /* UserData.swift */; };
		3C9BACEB24A41AF50003CF13 /* MediaLibrary.swift in Sources */ = {isa = PBXBuildFile; fileRef = 3C9BACEA24A41AF50003CF13 /* MediaLibrary.swift */; };
		3C9BACED24A54E4A0003CF13 /* MediaRow.swift in Sources */ = {isa = PBXBuildFile; fileRef = 3C9BACEC24A54E4A0003CF13 /* MediaRow.swift */; };
		3C9BACF524A559E70003CF13 /* MediaList.swift in Sources */ = {isa = PBXBuildFile; fileRef = 3C9BACF424A559E70003CF13 /* MediaList.swift */; };
		3C9BACF724A55B780003CF13 /* MediaPlayer.swift in Sources */ = {isa = PBXBuildFile; fileRef = 3C9BACF624A55B780003CF13 /* MediaPlayer.swift */; };
		3CD47390249FDE370049800C /* The Reklaws - Old Country Soul.mp3 in Resources */ = {isa = PBXBuildFile; fileRef = 3CD4738E249FDE370049800C /* The Reklaws - Old Country Soul.mp3 */; };
		3CD47391249FDE370049800C /* Men At Work - Who Can It Be Now.flac in Resources */ = {isa = PBXBuildFile; fileRef = 3CD4738F249FDE370049800C /* Men At Work - Who Can It Be Now.flac */; };
		3CFF615224A2B49600C6BD30 /* Men At Work.jpg in Resources */ = {isa = PBXBuildFile; fileRef = 3CFF615024A2B49600C6BD30 /* Men At Work.jpg */; };
		3CFF615324A2B49600C6BD30 /* Reklaws.jpg in Resources */ = {isa = PBXBuildFile; fileRef = 3CFF615124A2B49600C6BD30 /* Reklaws.jpg */; };
/* End PBXBuildFile section */

/* Begin PBXContainerItemProxy section */
		3C60C2B7249E919000FB7FBF /* PBXContainerItemProxy */ = {
			isa = PBXContainerItemProxy;
			containerPortal = 3C60C298249E918A00FB7FBF /* Project object */;
			proxyType = 1;
			remoteGlobalIDString = 3C60C29F249E918A00FB7FBF;
			remoteInfo = "Swift Audio";
		};
		3C60C2C2249E919000FB7FBF /* PBXContainerItemProxy */ = {
			isa = PBXContainerItemProxy;
			containerPortal = 3C60C298249E918A00FB7FBF /* Project object */;
			proxyType = 1;
			remoteGlobalIDString = 3C60C29F249E918A00FB7FBF;
			remoteInfo = "Swift Audio";
		};
/* End PBXContainerItemProxy section */

/* Begin PBXFileReference section */
		3C09563E24A55C85009214FF /* MediaButtons.swift */ = {isa = PBXFileReference; fileEncoding = 4; lastKnownFileType = sourcecode.swift; path = MediaButtons.swift; sourceTree = "<group>"; };
		3C09563F24A55C85009214FF /* MediaDetail.swift */ = {isa = PBXFileReference; fileEncoding = 4; lastKnownFileType = sourcecode.swift; path = MediaDetail.swift; sourceTree = "<group>"; };
		3C09564024A55C85009214FF /* MediaImage.swift */ = {isa = PBXFileReference; fileEncoding = 4; lastKnownFileType = sourcecode.swift; path = MediaImage.swift; sourceTree = "<group>"; };
		3C09564424A560A6009214FF /* MediaListHeader.swift */ = {isa = PBXFileReference; lastKnownFileType = sourcecode.swift; path = MediaListHeader.swift; sourceTree = "<group>"; };
		3C09564624A68858009214FF /* FileManager.swift */ = {isa = PBXFileReference; lastKnownFileType = sourcecode.swift; path = FileManager.swift; sourceTree = "<group>"; };
		3C2203E624A95F54003B4050 /* DocumentPickerViewController.swift */ = {isa = PBXFileReference; lastKnownFileType = sourcecode.swift; path = DocumentPickerViewController.swift; sourceTree = "<group>"; };
		3C5E1F2D24AD39E30018F267 /* ProfileHost.swift */ = {isa = PBXFileReference; lastKnownFileType = sourcecode.swift; path = ProfileHost.swift; sourceTree = "<group>"; };
		3C5E1F2F24AD3A160018F267 /* ProfileSummary.swift */ = {isa = PBXFileReference; lastKnownFileType = sourcecode.swift; path = ProfileSummary.swift; sourceTree = "<group>"; };
		3C5E1F3124AD3A240018F267 /* ProfileEditor.swift */ = {isa = PBXFileReference; lastKnownFileType = sourcecode.swift; path = ProfileEditor.swift; sourceTree = "<group>"; };
		3C5E1F3324AD3CE20018F267 /* Profile.swift */ = {isa = PBXFileReference; lastKnownFileType = sourcecode.swift; path = Profile.swift; sourceTree = "<group>"; };
		3C5E1F3624AD50900018F267 /* CheckboxToggleStyle.swift */ = {isa = PBXFileReference; lastKnownFileType = sourcecode.swift; path = CheckboxToggleStyle.swift; sourceTree = "<group>"; };
		3C60C2A0249E918A00FB7FBF /* Swift Audio.app */ = {isa = PBXFileReference; explicitFileType = wrapper.application; includeInIndex = 0; path = "Swift Audio.app"; sourceTree = BUILT_PRODUCTS_DIR; };
		3C60C2A3249E918A00FB7FBF /* AppDelegate.swift */ = {isa = PBXFileReference; lastKnownFileType = sourcecode.swift; path = AppDelegate.swift; sourceTree = "<group>"; };
		3C60C2A5249E918A00FB7FBF /* SceneDelegate.swift */ = {isa = PBXFileReference; lastKnownFileType = sourcecode.swift; path = SceneDelegate.swift; sourceTree = "<group>"; };
		3C60C2A7249E918A00FB7FBF /* Home.swift */ = {isa = PBXFileReference; lastKnownFileType = sourcecode.swift; path = Home.swift; sourceTree = "<group>"; };
		3C60C2A9249E919000FB7FBF /* Assets.xcassets */ = {isa = PBXFileReference; lastKnownFileType = folder.assetcatalog; path = Assets.xcassets; sourceTree = "<group>"; };
		3C60C2AC249E919000FB7FBF /* Preview Assets.xcassets */ = {isa = PBXFileReference; lastKnownFileType = folder.assetcatalog; path = "Preview Assets.xcassets"; sourceTree = "<group>"; };
		3C60C2AF249E919000FB7FBF /* Base */ = {isa = PBXFileReference; lastKnownFileType = file.storyboard; name = Base; path = Base.lproj/LaunchScreen.storyboard; sourceTree = "<group>"; };
		3C60C2B1249E919000FB7FBF /* Info.plist */ = {isa = PBXFileReference; lastKnownFileType = text.plist.xml; path = Info.plist; sourceTree = "<group>"; };
		3C60C2B6249E919000FB7FBF /* Swift AudioTests.xctest */ = {isa = PBXFileReference; explicitFileType = wrapper.cfbundle; includeInIndex = 0; path = "Swift AudioTests.xctest"; sourceTree = BUILT_PRODUCTS_DIR; };
		3C60C2BA249E919000FB7FBF /* Swift_AudioTests.swift */ = {isa = PBXFileReference; lastKnownFileType = sourcecode.swift; path = Swift_AudioTests.swift; sourceTree = "<group>"; };
		3C60C2BC249E919000FB7FBF /* Info.plist */ = {isa = PBXFileReference; lastKnownFileType = text.plist.xml; path = Info.plist; sourceTree = "<group>"; };
		3C60C2C1249E919000FB7FBF /* Swift AudioUITests.xctest */ = {isa = PBXFileReference; explicitFileType = wrapper.cfbundle; includeInIndex = 0; path = "Swift AudioUITests.xctest"; sourceTree = BUILT_PRODUCTS_DIR; };
		3C60C2C5249E919000FB7FBF /* Swift_AudioUITests.swift */ = {isa = PBXFileReference; lastKnownFileType = sourcecode.swift; path = Swift_AudioUITests.swift; sourceTree = "<group>"; };
		3C60C2C7249E919000FB7FBF /* Info.plist */ = {isa = PBXFileReference; lastKnownFileType = text.plist.xml; path = Info.plist; sourceTree = "<group>"; };
		3C60C2D7249E98E600FB7FBF /* Media.swift */ = {isa = PBXFileReference; lastKnownFileType = sourcecode.swift; path = Media.swift; sourceTree = "<group>"; };
		3C60C2D9249EA4EA00FB7FBF /* MediaData.json */ = {isa = PBXFileReference; lastKnownFileType = text.json; path = MediaData.json; sourceTree = "<group>"; };
		3C60C2DB249EA7BC00FB7FBF /* Data.swift */ = {isa = PBXFileReference; lastKnownFileType = sourcecode.swift; path = Data.swift; sourceTree = "<group>"; };
		3C60C2E7249EB5B000FB7FBF /* UserData.swift */ = {isa = PBXFileReference; lastKnownFileType = sourcecode.swift; path = UserData.swift; sourceTree = "<group>"; };
		3C9BACEA24A41AF50003CF13 /* MediaLibrary.swift */ = {isa = PBXFileReference; lastKnownFileType = sourcecode.swift; path = MediaLibrary.swift; sourceTree = "<group>"; };
		3C9BACEC24A54E4A0003CF13 /* MediaRow.swift */ = {isa = PBXFileReference; lastKnownFileType = sourcecode.swift; path = MediaRow.swift; sourceTree = "<group>"; };
		3C9BACF424A559E70003CF13 /* MediaList.swift */ = {isa = PBXFileReference; lastKnownFileType = sourcecode.swift; path = MediaList.swift; sourceTree = "<group>"; };
		3C9BACF624A55B780003CF13 /* MediaPlayer.swift */ = {isa = PBXFileReference; fileEncoding = 4; lastKnownFileType = sourcecode.swift; path = MediaPlayer.swift; sourceTree = "<group>"; };
		3CD4738E249FDE370049800C /* The Reklaws - Old Country Soul.mp3 */ = {isa = PBXFileReference; lastKnownFileType = audio.mp3; path = "The Reklaws - Old Country Soul.mp3"; sourceTree = "<group>"; };
		3CD4738F249FDE370049800C /* Men At Work - Who Can It Be Now.flac */ = {isa = PBXFileReference; lastKnownFileType = file; path = "Men At Work - Who Can It Be Now.flac"; sourceTree = "<group>"; };
		3CD47393249FE6BD0049800C /* AVFoundation.framework */ = {isa = PBXFileReference; lastKnownFileType = wrapper.framework; name = AVFoundation.framework; path = System/Library/Frameworks/AVFoundation.framework; sourceTree = SDKROOT; };
		3CFF615024A2B49600C6BD30 /* Men At Work.jpg */ = {isa = PBXFileReference; lastKnownFileType = image.jpeg; path = "Men At Work.jpg"; sourceTree = "<group>"; };
		3CFF615124A2B49600C6BD30 /* Reklaws.jpg */ = {isa = PBXFileReference; lastKnownFileType = image.jpeg; path = Reklaws.jpg; sourceTree = "<group>"; };
/* End PBXFileReference section */

/* Begin PBXFrameworksBuildPhase section */
		3C60C29D249E918A00FB7FBF /* Frameworks */ = {
			isa = PBXFrameworksBuildPhase;
			buildActionMask = 2147483647;
			files = (
			);
			runOnlyForDeploymentPostprocessing = 0;
		};
		3C60C2B3249E919000FB7FBF /* Frameworks */ = {
			isa = PBXFrameworksBuildPhase;
			buildActionMask = 2147483647;
			files = (
			);
			runOnlyForDeploymentPostprocessing = 0;
		};
		3C60C2BE249E919000FB7FBF /* Frameworks */ = {
			isa = PBXFrameworksBuildPhase;
			buildActionMask = 2147483647;
			files = (
			);
			runOnlyForDeploymentPostprocessing = 0;
		};
/* End PBXFrameworksBuildPhase section */

/* Begin PBXGroup section */
		3C09563D24A55C4B009214FF /* Components */ = {
			isa = PBXGroup;
			children = (
				3C09563E24A55C85009214FF /* MediaButtons.swift */,
				3C09563F24A55C85009214FF /* MediaDetail.swift */,
				3C09564024A55C85009214FF /* MediaImage.swift */,
			);
			path = Components;
			sourceTree = "<group>";
		};
		3C5E1F2C24AD394C0018F267 /* Profile */ = {
			isa = PBXGroup;
			children = (
				3C5E1F2D24AD39E30018F267 /* ProfileHost.swift */,
				3C5E1F2F24AD3A160018F267 /* ProfileSummary.swift */,
				3C5E1F3124AD3A240018F267 /* ProfileEditor.swift */,
			);
			path = Profile;
			sourceTree = "<group>";
		};
		3C5E1F3524AD507B0018F267 /* Styles */ = {
			isa = PBXGroup;
			children = (
				3C5E1F3624AD50900018F267 /* CheckboxToggleStyle.swift */,
			);
			path = Styles;
			sourceTree = "<group>";
		};
		3C60C297249E918A00FB7FBF = {
			isa = PBXGroup;
			children = (
				3C60C2A2249E918A00FB7FBF /* Swift Audio */,
				3C60C2B9249E919000FB7FBF /* Swift AudioTests */,
				3C60C2C4249E919000FB7FBF /* Swift AudioUITests */,
				3C60C2A1249E918A00FB7FBF /* Products */,
				3CD47392249FE6BC0049800C /* Frameworks */,
			);
			sourceTree = "<group>";
		};
		3C60C2A1249E918A00FB7FBF /* Products */ = {
			isa = PBXGroup;
			children = (
				3C60C2A0249E918A00FB7FBF /* Swift Audio.app */,
				3C60C2B6249E919000FB7FBF /* Swift AudioTests.xctest */,
				3C60C2C1249E919000FB7FBF /* Swift AudioUITests.xctest */,
			);
			name = Products;
			sourceTree = "<group>";
		};
		3C60C2A2249E918A00FB7FBF /* Swift Audio */ = {
			isa = PBXGroup;
			children = (
				3C60C2D6249E94FA00FB7FBF /* Models */,
				3C60C2D4249E94ED00FB7FBF /* Resources */,
				3C60C2D3249E94E200FB7FBF /* Component Views */,
				3C60C2A3249E918A00FB7FBF /* AppDelegate.swift */,
				3C60C2A5249E918A00FB7FBF /* SceneDelegate.swift */,
				3C60C2A7249E918A00FB7FBF /* Home.swift */,
				3C60C2A9249E919000FB7FBF /* Assets.xcassets */,
				3C60C2AE249E919000FB7FBF /* LaunchScreen.storyboard */,
				3C60C2B1249E919000FB7FBF /* Info.plist */,
				3C60C2AB249E919000FB7FBF /* Preview Content */,
			);
			path = "Swift Audio";
			sourceTree = "<group>";
		};
		3C60C2AB249E919000FB7FBF /* Preview Content */ = {
			isa = PBXGroup;
			children = (
				3C60C2AC249E919000FB7FBF /* Preview Assets.xcassets */,
			);
			path = "Preview Content";
			sourceTree = "<group>";
		};
		3C60C2B9249E919000FB7FBF /* Swift AudioTests */ = {
			isa = PBXGroup;
			children = (
				3C60C2BA249E919000FB7FBF /* Swift_AudioTests.swift */,
				3C60C2BC249E919000FB7FBF /* Info.plist */,
			);
			path = "Swift AudioTests";
			sourceTree = "<group>";
		};
		3C60C2C4249E919000FB7FBF /* Swift AudioUITests */ = {
			isa = PBXGroup;
			children = (
				3C60C2C5249E919000FB7FBF /* Swift_AudioUITests.swift */,
				3C60C2C7249E919000FB7FBF /* Info.plist */,
			);
			path = "Swift AudioUITests";
			sourceTree = "<group>";
		};
		3C60C2D3249E94E200FB7FBF /* Component Views */ = {
			isa = PBXGroup;
			children = (
				3C5E1F3524AD507B0018F267 /* Styles */,
				3C5E1F2C24AD394C0018F267 /* Profile */,
				3C9BACE824A41ABB0003CF13 /* Media Library */,
				3C60C2DD249EAA3E00FB7FBF /* Media Player */,
			);
			path = "Component Views";
			sourceTree = "<group>";
		};
		3C60C2D4249E94ED00FB7FBF /* Resources */ = {
			isa = PBXGroup;
			children = (
				3CFF615024A2B49600C6BD30 /* Men At Work.jpg */,
				3CFF615124A2B49600C6BD30 /* Reklaws.jpg */,
				3CD4738F249FDE370049800C /* Men At Work - Who Can It Be Now.flac */,
				3CD4738E249FDE370049800C /* The Reklaws - Old Country Soul.mp3 */,
				3C60C2D9249EA4EA00FB7FBF /* MediaData.json */,
			);
			path = Resources;
			sourceTree = "<group>";
		};
		3C60C2D6249E94FA00FB7FBF /* Models */ = {
			isa = PBXGroup;
			children = (
				3C60C2D7249E98E600FB7FBF /* Media.swift */,
				3C60C2DB249EA7BC00FB7FBF /* Data.swift */,
				3C60C2E7249EB5B000FB7FBF /* UserData.swift */,
				3C09564624A68858009214FF /* FileManager.swift */,
				3C5E1F3324AD3CE20018F267 /* Profile.swift */,
			);
			path = Models;
			sourceTree = "<group>";
		};
		3C60C2DD249EAA3E00FB7FBF /* Media Player */ = {
			isa = PBXGroup;
			children = (
				3C09563D24A55C4B009214FF /* Components */,
				3C9BACF624A55B780003CF13 /* MediaPlayer.swift */,
			);
			path = "Media Player";
			sourceTree = "<group>";
		};
		3C9BACE824A41ABB0003CF13 /* Media Library */ = {
			isa = PBXGroup;
			children = (
				3C9BACE924A41AE20003CF13 /* Components */,
				3C9BACEA24A41AF50003CF13 /* MediaLibrary.swift */,
			);
			path = "Media Library";
			sourceTree = "<group>";
		};
		3C9BACE924A41AE20003CF13 /* Components */ = {
			isa = PBXGroup;
			children = (
				3C9BACEC24A54E4A0003CF13 /* MediaRow.swift */,
				3C9BACF424A559E70003CF13 /* MediaList.swift */,
				3C09564424A560A6009214FF /* MediaListHeader.swift */,
				3C2203E624A95F54003B4050 /* DocumentPickerViewController.swift */,
			);
			path = Components;
			sourceTree = "<group>";
		};
		3CD47392249FE6BC0049800C /* Frameworks */ = {
			isa = PBXGroup;
			children = (
				3CD47393249FE6BD0049800C /* AVFoundation.framework */,
			);
			name = Frameworks;
			sourceTree = "<group>";
		};
/* End PBXGroup section */

/* Begin PBXNativeTarget section */
		3C60C29F249E918A00FB7FBF /* Swift Audio */ = {
			isa = PBXNativeTarget;
			buildConfigurationList = 3C60C2CA249E919000FB7FBF /* Build configuration list for PBXNativeTarget "Swift Audio" */;
			buildPhases = (
				3C60C29C249E918A00FB7FBF /* Sources */,
				3C60C29D249E918A00FB7FBF /* Frameworks */,
				3C60C29E249E918A00FB7FBF /* Resources */,
			);
			buildRules = (
			);
			dependencies = (
			);
			name = "Swift Audio";
			productName = "Swift Audio";
			productReference = 3C60C2A0249E918A00FB7FBF /* Swift Audio.app */;
			productType = "com.apple.product-type.application";
		};
		3C60C2B5249E919000FB7FBF /* Swift AudioTests */ = {
			isa = PBXNativeTarget;
			buildConfigurationList = 3C60C2CD249E919000FB7FBF /* Build configuration list for PBXNativeTarget "Swift AudioTests" */;
			buildPhases = (
				3C60C2B2249E919000FB7FBF /* Sources */,
				3C60C2B3249E919000FB7FBF /* Frameworks */,
				3C60C2B4249E919000FB7FBF /* Resources */,
			);
			buildRules = (
			);
			dependencies = (
				3C60C2B8249E919000FB7FBF /* PBXTargetDependency */,
			);
			name = "Swift AudioTests";
			productName = "Swift AudioTests";
			productReference = 3C60C2B6249E919000FB7FBF /* Swift AudioTests.xctest */;
			productType = "com.apple.product-type.bundle.unit-test";
		};
		3C60C2C0249E919000FB7FBF /* Swift AudioUITests */ = {
			isa = PBXNativeTarget;
			buildConfigurationList = 3C60C2D0249E919000FB7FBF /* Build configuration list for PBXNativeTarget "Swift AudioUITests" */;
			buildPhases = (
				3C60C2BD249E919000FB7FBF /* Sources */,
				3C60C2BE249E919000FB7FBF /* Frameworks */,
				3C60C2BF249E919000FB7FBF /* Resources */,
			);
			buildRules = (
			);
			dependencies = (
				3C60C2C3249E919000FB7FBF /* PBXTargetDependency */,
			);
			name = "Swift AudioUITests";
			productName = "Swift AudioUITests";
			productReference = 3C60C2C1249E919000FB7FBF /* Swift AudioUITests.xctest */;
			productType = "com.apple.product-type.bundle.ui-testing";
		};
/* End PBXNativeTarget section */

/* Begin PBXProject section */
		3C60C298249E918A00FB7FBF /* Project object */ = {
			isa = PBXProject;
			attributes = {
				LastSwiftUpdateCheck = 1150;
				LastUpgradeCheck = 1150;
				ORGANIZATIONNAME = "Blair Petrachek";
				TargetAttributes = {
					3C60C29F249E918A00FB7FBF = {
						CreatedOnToolsVersion = 11.5;
					};
					3C60C2B5249E919000FB7FBF = {
						CreatedOnToolsVersion = 11.5;
						TestTargetID = 3C60C29F249E918A00FB7FBF;
					};
					3C60C2C0249E919000FB7FBF = {
						CreatedOnToolsVersion = 11.5;
						TestTargetID = 3C60C29F249E918A00FB7FBF;
					};
				};
			};
			buildConfigurationList = 3C60C29B249E918A00FB7FBF /* Build configuration list for PBXProject "Swift Audio" */;
			compatibilityVersion = "Xcode 9.3";
			developmentRegion = en;
			hasScannedForEncodings = 0;
			knownRegions = (
				en,
				Base,
			);
			mainGroup = 3C60C297249E918A00FB7FBF;
			productRefGroup = 3C60C2A1249E918A00FB7FBF /* Products */;
			projectDirPath = "";
			projectRoot = "";
			targets = (
				3C60C29F249E918A00FB7FBF /* Swift Audio */,
				3C60C2B5249E919000FB7FBF /* Swift AudioTests */,
				3C60C2C0249E919000FB7FBF /* Swift AudioUITests */,
			);
		};
/* End PBXProject section */

/* Begin PBXResourcesBuildPhase section */
		3C60C29E249E918A00FB7FBF /* Resources */ = {
			isa = PBXResourcesBuildPhase;
			buildActionMask = 2147483647;
			files = (
				3C60C2DA249EA4EA00FB7FBF /* MediaData.json in Resources */,
				3C60C2B0249E919000FB7FBF /* LaunchScreen.storyboard in Resources */,
				3CFF615224A2B49600C6BD30 /* Men At Work.jpg in Resources */,
				3CFF615324A2B49600C6BD30 /* Reklaws.jpg in Resources */,
				3C60C2AD249E919000FB7FBF /* Preview Assets.xcassets in Resources */,
				3C60C2AA249E919000FB7FBF /* Assets.xcassets in Resources */,
				3CD47390249FDE370049800C /* The Reklaws - Old Country Soul.mp3 in Resources */,
				3CD47391249FDE370049800C /* Men At Work - Who Can It Be Now.flac in Resources */,
			);
			runOnlyForDeploymentPostprocessing = 0;
		};
		3C60C2B4249E919000FB7FBF /* Resources */ = {
			isa = PBXResourcesBuildPhase;
			buildActionMask = 2147483647;
			files = (
			);
			runOnlyForDeploymentPostprocessing = 0;
		};
		3C60C2BF249E919000FB7FBF /* Resources */ = {
			isa = PBXResourcesBuildPhase;
			buildActionMask = 2147483647;
			files = (
			);
			runOnlyForDeploymentPostprocessing = 0;
		};
/* End PBXResourcesBuildPhase section */

/* Begin PBXSourcesBuildPhase section */
		3C60C29C249E918A00FB7FBF /* Sources */ = {
			isa = PBXSourcesBuildPhase;
			buildActionMask = 2147483647;
			files = (
				3C5E1F2E24AD39E30018F267 /* ProfileHost.swift in Sources */,
				3C5E1F3424AD3CE20018F267 /* Profile.swift in Sources */,
				3C09564724A68858009214FF /* FileManager.swift in Sources */,
				3C60C2A4249E918A00FB7FBF /* AppDelegate.swift in Sources */,
				3C9BACF724A55B780003CF13 /* MediaPlayer.swift in Sources */,
				3C60C2DC249EA7BC00FB7FBF /* Data.swift in Sources */,
				3C60C2A6249E918A00FB7FBF /* SceneDelegate.swift in Sources */,
				3C09564124A55C85009214FF /* MediaButtons.swift in Sources */,
				3C5E1F3224AD3A240018F267 /* ProfileEditor.swift in Sources */,
				3C5E1F3024AD3A160018F267 /* ProfileSummary.swift in Sources */,
				3C9BACEB24A41AF50003CF13 /* MediaLibrary.swift in Sources */,
				3C9BACED24A54E4A0003CF13 /* MediaRow.swift in Sources */,
				3C09564224A55C85009214FF /* MediaDetail.swift in Sources */,
				3C5E1F3724AD50900018F267 /* CheckboxToggleStyle.swift in Sources */,
				3C60C2D8249E98E600FB7FBF /* Media.swift in Sources */,
				3C60C2A8249E918A00FB7FBF /* Home.swift in Sources */,
				3C60C2E8249EB5B000FB7FBF /* UserData.swift in Sources */,
				3C09564524A560A6009214FF /* MediaListHeader.swift in Sources */,
				3C2203E724A95F54003B4050 /* DocumentPickerViewController.swift in Sources */,
				3C9BACF524A559E70003CF13 /* MediaList.swift in Sources */,
				3C09564324A55C85009214FF /* MediaImage.swift in Sources */,
			);
			runOnlyForDeploymentPostprocessing = 0;
		};
		3C60C2B2249E919000FB7FBF /* Sources */ = {
			isa = PBXSourcesBuildPhase;
			buildActionMask = 2147483647;
			files = (
				3C60C2BB249E919000FB7FBF /* Swift_AudioTests.swift in Sources */,
			);
			runOnlyForDeploymentPostprocessing = 0;
		};
		3C60C2BD249E919000FB7FBF /* Sources */ = {
			isa = PBXSourcesBuildPhase;
			buildActionMask = 2147483647;
			files = (
				3C60C2C6249E919000FB7FBF /* Swift_AudioUITests.swift in Sources */,
			);
			runOnlyForDeploymentPostprocessing = 0;
		};
/* End PBXSourcesBuildPhase section */

/* Begin PBXTargetDependency section */
		3C60C2B8249E919000FB7FBF /* PBXTargetDependency */ = {
			isa = PBXTargetDependency;
			target = 3C60C29F249E918A00FB7FBF /* Swift Audio */;
			targetProxy = 3C60C2B7249E919000FB7FBF /* PBXContainerItemProxy */;
		};
		3C60C2C3249E919000FB7FBF /* PBXTargetDependency */ = {
			isa = PBXTargetDependency;
			target = 3C60C29F249E918A00FB7FBF /* Swift Audio */;
			targetProxy = 3C60C2C2249E919000FB7FBF /* PBXContainerItemProxy */;
		};
/* End PBXTargetDependency section */

/* Begin PBXVariantGroup section */
		3C60C2AE249E919000FB7FBF /* LaunchScreen.storyboard */ = {
			isa = PBXVariantGroup;
			children = (
				3C60C2AF249E919000FB7FBF /* Base */,
			);
			name = LaunchScreen.storyboard;
			sourceTree = "<group>";
		};
/* End PBXVariantGroup section */

/* Begin XCBuildConfiguration section */
		3C60C2C8249E919000FB7FBF /* Debug */ = {
			isa = XCBuildConfiguration;
			buildSettings = {
				ALWAYS_SEARCH_USER_PATHS = NO;
				CLANG_ANALYZER_NONNULL = YES;
				CLANG_ANALYZER_NUMBER_OBJECT_CONVERSION = YES_AGGRESSIVE;
				CLANG_CXX_LANGUAGE_STANDARD = "gnu++14";
				CLANG_CXX_LIBRARY = "libc++";
				CLANG_ENABLE_MODULES = YES;
				CLANG_ENABLE_OBJC_ARC = YES;
				CLANG_ENABLE_OBJC_WEAK = YES;
				CLANG_WARN_BLOCK_CAPTURE_AUTORELEASING = YES;
				CLANG_WARN_BOOL_CONVERSION = YES;
				CLANG_WARN_COMMA = YES;
				CLANG_WARN_CONSTANT_CONVERSION = YES;
				CLANG_WARN_DEPRECATED_OBJC_IMPLEMENTATIONS = YES;
				CLANG_WARN_DIRECT_OBJC_ISA_USAGE = YES_ERROR;
				CLANG_WARN_DOCUMENTATION_COMMENTS = YES;
				CLANG_WARN_EMPTY_BODY = YES;
				CLANG_WARN_ENUM_CONVERSION = YES;
				CLANG_WARN_INFINITE_RECURSION = YES;
				CLANG_WARN_INT_CONVERSION = YES;
				CLANG_WARN_NON_LITERAL_NULL_CONVERSION = YES;
				CLANG_WARN_OBJC_IMPLICIT_RETAIN_SELF = YES;
				CLANG_WARN_OBJC_LITERAL_CONVERSION = YES;
				CLANG_WARN_OBJC_ROOT_CLASS = YES_ERROR;
				CLANG_WARN_RANGE_LOOP_ANALYSIS = YES;
				CLANG_WARN_STRICT_PROTOTYPES = YES;
				CLANG_WARN_SUSPICIOUS_MOVE = YES;
				CLANG_WARN_UNGUARDED_AVAILABILITY = YES_AGGRESSIVE;
				CLANG_WARN_UNREACHABLE_CODE = YES;
				CLANG_WARN__DUPLICATE_METHOD_MATCH = YES;
				COPY_PHASE_STRIP = NO;
				DEBUG_INFORMATION_FORMAT = dwarf;
				ENABLE_STRICT_OBJC_MSGSEND = YES;
				ENABLE_TESTABILITY = YES;
				GCC_C_LANGUAGE_STANDARD = gnu11;
				GCC_DYNAMIC_NO_PIC = NO;
				GCC_NO_COMMON_BLOCKS = YES;
				GCC_OPTIMIZATION_LEVEL = 0;
				GCC_PREPROCESSOR_DEFINITIONS = (
					"DEBUG=1",
					"$(inherited)",
				);
				GCC_WARN_64_TO_32_BIT_CONVERSION = YES;
				GCC_WARN_ABOUT_RETURN_TYPE = YES_ERROR;
				GCC_WARN_UNDECLARED_SELECTOR = YES;
				GCC_WARN_UNINITIALIZED_AUTOS = YES_AGGRESSIVE;
				GCC_WARN_UNUSED_FUNCTION = YES;
				GCC_WARN_UNUSED_VARIABLE = YES;
				IPHONEOS_DEPLOYMENT_TARGET = 13.5;
				MTL_ENABLE_DEBUG_INFO = INCLUDE_SOURCE;
				MTL_FAST_MATH = YES;
				ONLY_ACTIVE_ARCH = YES;
				SDKROOT = iphoneos;
				SWIFT_ACTIVE_COMPILATION_CONDITIONS = DEBUG;
				SWIFT_OPTIMIZATION_LEVEL = "-Onone";
			};
			name = Debug;
		};
		3C60C2C9249E919000FB7FBF /* Release */ = {
			isa = XCBuildConfiguration;
			buildSettings = {
				ALWAYS_SEARCH_USER_PATHS = NO;
				CLANG_ANALYZER_NONNULL = YES;
				CLANG_ANALYZER_NUMBER_OBJECT_CONVERSION = YES_AGGRESSIVE;
				CLANG_CXX_LANGUAGE_STANDARD = "gnu++14";
				CLANG_CXX_LIBRARY = "libc++";
				CLANG_ENABLE_MODULES = YES;
				CLANG_ENABLE_OBJC_ARC = YES;
				CLANG_ENABLE_OBJC_WEAK = YES;
				CLANG_WARN_BLOCK_CAPTURE_AUTORELEASING = YES;
				CLANG_WARN_BOOL_CONVERSION = YES;
				CLANG_WARN_COMMA = YES;
				CLANG_WARN_CONSTANT_CONVERSION = YES;
				CLANG_WARN_DEPRECATED_OBJC_IMPLEMENTATIONS = YES;
				CLANG_WARN_DIRECT_OBJC_ISA_USAGE = YES_ERROR;
				CLANG_WARN_DOCUMENTATION_COMMENTS = YES;
				CLANG_WARN_EMPTY_BODY = YES;
				CLANG_WARN_ENUM_CONVERSION = YES;
				CLANG_WARN_INFINITE_RECURSION = YES;
				CLANG_WARN_INT_CONVERSION = YES;
				CLANG_WARN_NON_LITERAL_NULL_CONVERSION = YES;
				CLANG_WARN_OBJC_IMPLICIT_RETAIN_SELF = YES;
				CLANG_WARN_OBJC_LITERAL_CONVERSION = YES;
				CLANG_WARN_OBJC_ROOT_CLASS = YES_ERROR;
				CLANG_WARN_RANGE_LOOP_ANALYSIS = YES;
				CLANG_WARN_STRICT_PROTOTYPES = YES;
				CLANG_WARN_SUSPICIOUS_MOVE = YES;
				CLANG_WARN_UNGUARDED_AVAILABILITY = YES_AGGRESSIVE;
				CLANG_WARN_UNREACHABLE_CODE = YES;
				CLANG_WARN__DUPLICATE_METHOD_MATCH = YES;
				COPY_PHASE_STRIP = NO;
				DEBUG_INFORMATION_FORMAT = "dwarf-with-dsym";
				ENABLE_NS_ASSERTIONS = NO;
				ENABLE_STRICT_OBJC_MSGSEND = YES;
				GCC_C_LANGUAGE_STANDARD = gnu11;
				GCC_NO_COMMON_BLOCKS = YES;
				GCC_WARN_64_TO_32_BIT_CONVERSION = YES;
				GCC_WARN_ABOUT_RETURN_TYPE = YES_ERROR;
				GCC_WARN_UNDECLARED_SELECTOR = YES;
				GCC_WARN_UNINITIALIZED_AUTOS = YES_AGGRESSIVE;
				GCC_WARN_UNUSED_FUNCTION = YES;
				GCC_WARN_UNUSED_VARIABLE = YES;
				IPHONEOS_DEPLOYMENT_TARGET = 13.5;
				MTL_ENABLE_DEBUG_INFO = NO;
				MTL_FAST_MATH = YES;
				SDKROOT = iphoneos;
				SWIFT_COMPILATION_MODE = wholemodule;
				SWIFT_OPTIMIZATION_LEVEL = "-O";
				VALIDATE_PRODUCT = YES;
			};
			name = Release;
		};
		3C60C2CB249E919000FB7FBF /* Debug */ = {
			isa = XCBuildConfiguration;
			buildSettings = {
				ASSETCATALOG_COMPILER_APPICON_NAME = AppIcon;
				CODE_SIGN_STYLE = Automatic;
				DEVELOPMENT_ASSET_PATHS = "\"Swift Audio/Preview Content\"";
				DEVELOPMENT_TEAM = 2Z5A22263G;
				ENABLE_PREVIEWS = YES;
				INFOPLIST_FILE = "Swift Audio/Info.plist";
				LD_RUNPATH_SEARCH_PATHS = (
					"$(inherited)",
					"@executable_path/Frameworks",
				);
				PRODUCT_BUNDLE_IDENTIFIER = "OranageHasu.Swift-Audio";
				PRODUCT_NAME = "$(TARGET_NAME)";
				SWIFT_VERSION = 5.0;
				TARGETED_DEVICE_FAMILY = "1,2";
			};
			name = Debug;
		};
		3C60C2CC249E919000FB7FBF /* Release */ = {
			isa = XCBuildConfiguration;
			buildSettings = {
				ASSETCATALOG_COMPILER_APPICON_NAME = AppIcon;
				CODE_SIGN_STYLE = Automatic;
				DEVELOPMENT_ASSET_PATHS = "\"Swift Audio/Preview Content\"";
				DEVELOPMENT_TEAM = 2Z5A22263G;
				ENABLE_PREVIEWS = YES;
				INFOPLIST_FILE = "Swift Audio/Info.plist";
				LD_RUNPATH_SEARCH_PATHS = (
					"$(inherited)",
					"@executable_path/Frameworks",
				);
				PRODUCT_BUNDLE_IDENTIFIER = "OranageHasu.Swift-Audio";
				PRODUCT_NAME = "$(TARGET_NAME)";
				SWIFT_VERSION = 5.0;
				TARGETED_DEVICE_FAMILY = "1,2";
			};
			name = Release;
		};
		3C60C2CE249E919000FB7FBF /* Debug */ = {
			isa = XCBuildConfiguration;
			buildSettings = {
				ALWAYS_EMBED_SWIFT_STANDARD_LIBRARIES = YES;
				BUNDLE_LOADER = "$(TEST_HOST)";
				CODE_SIGN_STYLE = Automatic;
				DEVELOPMENT_TEAM = 2Z5A22263G;
				INFOPLIST_FILE = "Swift AudioTests/Info.plist";
				IPHONEOS_DEPLOYMENT_TARGET = 13.5;
				LD_RUNPATH_SEARCH_PATHS = (
					"$(inherited)",
					"@executable_path/Frameworks",
					"@loader_path/Frameworks",
				);
				PRODUCT_BUNDLE_IDENTIFIER = "OranageHasu.Swift-AudioTests";
				PRODUCT_NAME = "$(TARGET_NAME)";
				SWIFT_VERSION = 5.0;
				TARGETED_DEVICE_FAMILY = "1,2";
				TEST_HOST = "$(BUILT_PRODUCTS_DIR)/Swift Audio.app/Swift Audio";
			};
			name = Debug;
		};
		3C60C2CF249E919000FB7FBF /* Release */ = {
			isa = XCBuildConfiguration;
			buildSettings = {
				ALWAYS_EMBED_SWIFT_STANDARD_LIBRARIES = YES;
				BUNDLE_LOADER = "$(TEST_HOST)";
				CODE_SIGN_STYLE = Automatic;
				DEVELOPMENT_TEAM = 2Z5A22263G;
				INFOPLIST_FILE = "Swift AudioTests/Info.plist";
				IPHONEOS_DEPLOYMENT_TARGET = 13.5;
				LD_RUNPATH_SEARCH_PATHS = (
					"$(inherited)",
					"@executable_path/Frameworks",
					"@loader_path/Frameworks",
				);
				PRODUCT_BUNDLE_IDENTIFIER = "OranageHasu.Swift-AudioTests";
				PRODUCT_NAME = "$(TARGET_NAME)";
				SWIFT_VERSION = 5.0;
				TARGETED_DEVICE_FAMILY = "1,2";
				TEST_HOST = "$(BUILT_PRODUCTS_DIR)/Swift Audio.app/Swift Audio";
			};
			name = Release;
		};
		3C60C2D1249E919000FB7FBF /* Debug */ = {
			isa = XCBuildConfiguration;
			buildSettings = {
				ALWAYS_EMBED_SWIFT_STANDARD_LIBRARIES = YES;
				CODE_SIGN_STYLE = Automatic;
				DEVELOPMENT_TEAM = 2Z5A22263G;
				INFOPLIST_FILE = "Swift AudioUITests/Info.plist";
				LD_RUNPATH_SEARCH_PATHS = (
					"$(inherited)",
					"@executable_path/Frameworks",
					"@loader_path/Frameworks",
				);
				PRODUCT_BUNDLE_IDENTIFIER = "OranageHasu.Swift-AudioUITests";
				PRODUCT_NAME = "$(TARGET_NAME)";
				SWIFT_VERSION = 5.0;
				TARGETED_DEVICE_FAMILY = "1,2";
				TEST_TARGET_NAME = "Swift Audio";
			};
			name = Debug;
		};
		3C60C2D2249E919000FB7FBF /* Release */ = {
			isa = XCBuildConfiguration;
			buildSettings = {
				ALWAYS_EMBED_SWIFT_STANDARD_LIBRARIES = YES;
				CODE_SIGN_STYLE = Automatic;
				DEVELOPMENT_TEAM = 2Z5A22263G;
				INFOPLIST_FILE = "Swift AudioUITests/Info.plist";
				LD_RUNPATH_SEARCH_PATHS = (
					"$(inherited)",
					"@executable_path/Frameworks",
					"@loader_path/Frameworks",
				);
				PRODUCT_BUNDLE_IDENTIFIER = "OranageHasu.Swift-AudioUITests";
				PRODUCT_NAME = "$(TARGET_NAME)";
				SWIFT_VERSION = 5.0;
				TARGETED_DEVICE_FAMILY = "1,2";
				TEST_TARGET_NAME = "Swift Audio";
			};
			name = Release;
		};
/* End XCBuildConfiguration section */

/* Begin XCConfigurationList section */
		3C60C29B249E918A00FB7FBF /* Build configuration list for PBXProject "Swift Audio" */ = {
			isa = XCConfigurationList;
			buildConfigurations = (
				3C60C2C8249E919000FB7FBF /* Debug */,
				3C60C2C9249E919000FB7FBF /* Release */,
			);
			defaultConfigurationIsVisible = 0;
			defaultConfigurationName = Release;
		};
		3C60C2CA249E919000FB7FBF /* Build configuration list for PBXNativeTarget "Swift Audio" */ = {
			isa = XCConfigurationList;
			buildConfigurations = (
				3C60C2CB249E919000FB7FBF /* Debug */,
				3C60C2CC249E919000FB7FBF /* Release */,
			);
			defaultConfigurationIsVisible = 0;
			defaultConfigurationName = Release;
		};
		3C60C2CD249E919000FB7FBF /* Build configuration list for PBXNativeTarget "Swift AudioTests" */ = {
			isa = XCConfigurationList;
			buildConfigurations = (
				3C60C2CE249E919000FB7FBF /* Debug */,
				3C60C2CF249E919000FB7FBF /* Release */,
			);
			defaultConfigurationIsVisible = 0;
			defaultConfigurationName = Release;
		};
		3C60C2D0249E919000FB7FBF /* Build configuration list for PBXNativeTarget "Swift AudioUITests" */ = {
			isa = XCConfigurationList;
			buildConfigurations = (
				3C60C2D1249E919000FB7FBF /* Debug */,
				3C60C2D2249E919000FB7FBF /* Release */,
			);
			defaultConfigurationIsVisible = 0;
			defaultConfigurationName = Release;
		};
/* End XCConfigurationList section */
	};
	rootObject = 3C60C298249E918A00FB7FBF /* Project object */;
}
